
Microsoft Visual Studio Solution File, Format Version 12.00
# Visual Studio Version 17
VisualStudioVersion = 17.4.33213.308
MinimumVisualStudioVersion = 10.0.40219.1
Project("{FAE04EC0-301F-11D3-BF4B-00C04F79EFBC}") = "projet asp", "projet asp\projet asp.csproj", "{CDEC811A-1EED-48A9-B08C-3A76C25C4ADF}"
EndProject
Global
	GlobalSection(SolutionConfigurationPlatforms) = preSolution
		Debug|Any CPU = Debug|Any CPU
		Release|Any CPU = Release|Any CPU
	EndGlobalSection
	GlobalSection(ProjectConfigurationPlatforms) = postSolution
		{CDEC811A-1EED-48A9-B08C-3A76C25C4ADF}.Debug|Any CPU.ActiveCfg = Debug|Any CPU
		{CDEC811A-1EED-48A9-B08C-3A76C25C4ADF}.Debug|Any CPU.Build.0 = Debug|Any CPU
		{CDEC811A-1EED-48A9-B08C-3A76C25C4ADF}.Release|Any CPU.ActiveCfg = Release|Any CPU
		{CDEC811A-1EED-48A9-B08C-3A76C25C4ADF}.Release|Any CPU.Build.0 = Release|Any CPU
	EndGlobalSection
	GlobalSection(SolutionProperties) = preSolution
		HideSolutionNode = FALSE
	EndGlobalSection
	GlobalSection(ExtensibilityGlobals) = postSolution
		SolutionGuid = {EE17FC2F-BCA8-4F72-B361-F939A4A85246}
	EndGlobalSection
EndGlobal
